
Microsoft Visual Studio Solution File, Format Version 12.00
# Visual Studio Version 17
VisualStudioVersion = 17.9.34607.119
MinimumVisualStudioVersion = 10.0.40219.1
Project("{9A19103F-16F7-4668-BE54-9A1E7A4F7556}") = "SnakeWPF", "SnakeWPF\SnakeWPF.csproj", "{ECAFE9A8-EDF4-4472-9283-BEAE4D28F182}"
EndProject
Project("{9A19103F-16F7-4668-BE54-9A1E7A4F7556}") = "Snake", "SnakeProg\Snake\Snake.csproj", "{620E36DE-0560-4F1C-B10A-CAEEBF4D3902}"
EndProject
Project("{9A19103F-16F7-4668-BE54-9A1E7A4F7556}") = "SnakeTest", "SnakeTest\SnakeTest.csproj", "{F57AFE9F-A057-45DA-843F-29108D3324E7}"
EndProject
Global
	GlobalSection(SolutionConfigurationPlatforms) = preSolution
		Debug|Any CPU = Debug|Any CPU
		Release|Any CPU = Release|Any CPU
	EndGlobalSection
	GlobalSection(ProjectConfigurationPlatforms) = postSolution
		{ECAFE9A8-EDF4-4472-9283-BEAE4D28F182}.Debug|Any CPU.ActiveCfg = Debug|Any CPU
		{ECAFE9A8-EDF4-4472-9283-BEAE4D28F182}.Debug|Any CPU.Build.0 = Debug|Any CPU
		{ECAFE9A8-EDF4-4472-9283-BEAE4D28F182}.Release|Any CPU.ActiveCfg = Release|Any CPU
		{ECAFE9A8-EDF4-4472-9283-BEAE4D28F182}.Release|Any CPU.Build.0 = Release|Any CPU
		{620E36DE-0560-4F1C-B10A-CAEEBF4D3902}.Debug|Any CPU.ActiveCfg = Debug|Any CPU
		{620E36DE-0560-4F1C-B10A-CAEEBF4D3902}.Debug|Any CPU.Build.0 = Debug|Any CPU
		{620E36DE-0560-4F1C-B10A-CAEEBF4D3902}.Release|Any CPU.ActiveCfg = Release|Any CPU
		{620E36DE-0560-4F1C-B10A-CAEEBF4D3902}.Release|Any CPU.Build.0 = Release|Any CPU
		{F57AFE9F-A057-45DA-843F-29108D3324E7}.Debug|Any CPU.ActiveCfg = Debug|Any CPU
		{F57AFE9F-A057-45DA-843F-29108D3324E7}.Debug|Any CPU.Build.0 = Debug|Any CPU
		{F57AFE9F-A057-45DA-843F-29108D3324E7}.Release|Any CPU.ActiveCfg = Release|Any CPU
		{F57AFE9F-A057-45DA-843F-29108D3324E7}.Release|Any CPU.Build.0 = Release|Any CPU
	EndGlobalSection
	GlobalSection(SolutionProperties) = preSolution
		HideSolutionNode = FALSE
	EndGlobalSection
	GlobalSection(ExtensibilityGlobals) = postSolution
		SolutionGuid = {1D32BDE8-5F10-419D-BCBB-2D0E2D19A716}
	EndGlobalSection
EndGlobal
