
Microsoft Visual Studio Solution File, Format Version 12.00
# Visual Studio Version 17
VisualStudioVersion = 17.9.34607.119
MinimumVisualStudioVersion = 10.0.40219.1
Project("{FAE04EC0-301F-11D3-BF4B-00C04F79EFBC}") = "Snake", "Snake\Snake.csproj", "{DE0C4379-F939-4DD7-9074-32849FEAE8E4}"
EndProject
Global
	GlobalSection(SolutionConfigurationPlatforms) = preSolution
		Debug|Any CPU = Debug|Any CPU
		Release|Any CPU = Release|Any CPU
	EndGlobalSection
	GlobalSection(ProjectConfigurationPlatforms) = postSolution
		{DE0C4379-F939-4DD7-9074-32849FEAE8E4}.Debug|Any CPU.ActiveCfg = Debug|Any CPU
		{DE0C4379-F939-4DD7-9074-32849FEAE8E4}.Debug|Any CPU.Build.0 = Debug|Any CPU
		{DE0C4379-F939-4DD7-9074-32849FEAE8E4}.Release|Any CPU.ActiveCfg = Release|Any CPU
		{DE0C4379-F939-4DD7-9074-32849FEAE8E4}.Release|Any CPU.Build.0 = Release|Any CPU
	EndGlobalSection
	GlobalSection(SolutionProperties) = preSolution
		HideSolutionNode = FALSE
	EndGlobalSection
	GlobalSection(ExtensibilityGlobals) = postSolution
		SolutionGuid = {8E47102E-4D6A-48D0-9898-54789F20E650}
	EndGlobalSection
EndGlobal
